// !$*UTF8*$!
{
	archiveVersion = 1;
	classes = {
	};
	objectVersion = 51;
	objects = {

/* Begin PBXBuildFile section */
		650BC474237D078400A6951E /* JudgePDFViewController.swift in Sources */ = {isa = PBXBuildFile; fileRef = 650BC473237D078400A6951E /* JudgePDFViewController.swift */; };
		650F7B8521D94C7800D5A632 /* MeetPDFCreator.swift in Sources */ = {isa = PBXBuildFile; fileRef = 650F7B8421D94C7800D5A632 /* MeetPDFCreator.swift */; };
		652236EC21DF19BF0024F1E6 /* JudgeSummaryTableViewDelegate.swift in Sources */ = {isa = PBXBuildFile; fileRef = 652236EB21DF19BF0024F1E6 /* JudgeSummaryTableViewDelegate.swift */; };
		652236F221E464600024F1E6 /* MeetSummaryTableViewDelegate.swift in Sources */ = {isa = PBXBuildFile; fileRef = 652236F121E464600024F1E6 /* MeetSummaryTableViewDelegate.swift */; };
		652236F621E70AA60024F1E6 /* meetreport.html in Resources */ = {isa = PBXBuildFile; fileRef = 652236F521E70AA60024F1E6 /* meetreport.html */; };
		652236F821EFDD4C0024F1E6 /* PDFViewController.swift in Sources */ = {isa = PBXBuildFile; fileRef = 652236F721EFDD4C0024F1E6 /* PDFViewController.swift */; };
		652236FA21EFED230024F1E6 /* MeetUIPrintPageRender.swift in Sources */ = {isa = PBXBuildFile; fileRef = 652236F921EFED230024F1E6 /* MeetUIPrintPageRender.swift */; };
		652236FD21F029950024F1E6 /* MeetListManager.swift in Sources */ = {isa = PBXBuildFile; fileRef = 652236FC21F029950024F1E6 /* MeetListManager.swift */; };
		655150D82372804A00BED00A /* AddJudgesToMeetViewController.swift in Sources */ = {isa = PBXBuildFile; fileRef = 655150D72372804A00BED00A /* AddJudgesToMeetViewController.swift */; };
		655150DA23729ADA00BED00A /* CreateJudgeViewController.swift in Sources */ = {isa = PBXBuildFile; fileRef = 655150D923729ADA00BED00A /* CreateJudgeViewController.swift */; };
		656EA4C621F686CC00DE4029 /* JudgeListManager.swift in Sources */ = {isa = PBXBuildFile; fileRef = 656EA4C521F686CC00DE4029 /* JudgeListManager.swift */; };
		656EA4C821F68A1200DE4029 /* JudgeInfo.swift in Sources */ = {isa = PBXBuildFile; fileRef = 656EA4C721F68A1200DE4029 /* JudgeInfo.swift */; };
		656EA4CB21F693AE00DE4029 /* JudgeListTableViewController.swift in Sources */ = {isa = PBXBuildFile; fileRef = 656EA4CA21F693AE00DE4029 /* JudgeListTableViewController.swift */; };
		656EA4CD21F92A5400DE4029 /* JudgeInfoDetailsTableViewController.swift in Sources */ = {isa = PBXBuildFile; fileRef = 656EA4CC21F92A5400DE4029 /* JudgeInfoDetailsTableViewController.swift */; };
		65830E40237D2C5F00C15BE5 /* JudgeUIPrintPageRenderer.swift in Sources */ = {isa = PBXBuildFile; fileRef = 65830E3F237D2C5F00C15BE5 /* JudgeUIPrintPageRenderer.swift */; };
		65A02951220FDBE90088681D /* JudgePDFCreator.swift in Sources */ = {isa = PBXBuildFile; fileRef = 65A02950220FDBE90088681D /* JudgePDFCreator.swift */; };
		65A02953220FDC1C0088681D /* PDFCreator.swift in Sources */ = {isa = PBXBuildFile; fileRef = 65A02952220FDC1C0088681D /* PDFCreator.swift */; };
		65C05B0E21CBFFD9000AA13E /* MeetTableViewCell.swift in Sources */ = {isa = PBXBuildFile; fileRef = 65C05B0D21CBFFD9000AA13E /* MeetTableViewCell.swift */; };
		65C386CA21B5AE350070D76B /* Images.xcassets in Resources */ = {isa = PBXBuildFile; fileRef = 65C386C921B5AE350070D76B /* Images.xcassets */; };
		65C386CC21BB77F70070D76B /* Fee.swift in Sources */ = {isa = PBXBuildFile; fileRef = 65C386CB21BB77F70070D76B /* Fee.swift */; };
		65DBC968217D5B320029C6AA /* AppDelegate.swift in Sources */ = {isa = PBXBuildFile; fileRef = 65DBC967217D5B320029C6AA /* AppDelegate.swift */; };
		65DBC96A217D5B320029C6AA /* MeetDetailViewController.swift in Sources */ = {isa = PBXBuildFile; fileRef = 65DBC969217D5B320029C6AA /* MeetDetailViewController.swift */; };
		65DBC96D217D5B320029C6AA /* Main.storyboard in Resources */ = {isa = PBXBuildFile; fileRef = 65DBC96B217D5B320029C6AA /* Main.storyboard */; };
		65DBC972217D5B320029C6AA /* LaunchScreen.storyboard in Resources */ = {isa = PBXBuildFile; fileRef = 65DBC970217D5B320029C6AA /* LaunchScreen.storyboard */; };
		65DBC988217EBB7F0029C6AA /* Meet.swift in Sources */ = {isa = PBXBuildFile; fileRef = 65DBC987217EBB7F0029C6AA /* Meet.swift */; };
		65DBC98C217EC5D40029C6AA /* MeetTableViewController.swift in Sources */ = {isa = PBXBuildFile; fileRef = 65DBC98B217EC5D40029C6AA /* MeetTableViewController.swift */; };
		65DBC99F219347F20029C6AA /* MeetDay.swift in Sources */ = {isa = PBXBuildFile; fileRef = 65DBC99E219347F20029C6AA /* MeetDay.swift */; };
		65DBC9A52193A1820029C6AA /* Judge.swift in Sources */ = {isa = PBXBuildFile; fileRef = 65DBC9A42193A1820029C6AA /* Judge.swift */; };
		65DBC9A72193A1BB0029C6AA /* Expense.swift in Sources */ = {isa = PBXBuildFile; fileRef = 65DBC9A62193A1BB0029C6AA /* Expense.swift */; };
		65DDA61021BDB9D2004B4DD2 /* FeeTableViewController.swift in Sources */ = {isa = PBXBuildFile; fileRef = 65DDA60F21BDB9D2004B4DD2 /* FeeTableViewController.swift */; };
		65DDA61221BDBA0B004B4DD2 /* FeeDetailsViewController.swift in Sources */ = {isa = PBXBuildFile; fileRef = 65DDA61121BDBA0B004B4DD2 /* FeeDetailsViewController.swift */; };
		65DDA61521BDBA28004B4DD2 /* ExpensesTableViewController.swift in Sources */ = {isa = PBXBuildFile; fileRef = 65DDA61421BDBA28004B4DD2 /* ExpensesTableViewController.swift */; };
		65DDA61721BDBA4F004B4DD2 /* ExpenseDetailsViewController.swift in Sources */ = {isa = PBXBuildFile; fileRef = 65DDA61621BDBA4F004B4DD2 /* ExpenseDetailsViewController.swift */; };
		65EE305A219FDDF90011B2B8 /* JudgeTableViewController.swift in Sources */ = {isa = PBXBuildFile; fileRef = 65EE3059219FDDF90011B2B8 /* JudgeTableViewController.swift */; };
		65EE305E21A0035F0011B2B8 /* JudgeTableViewCell.swift in Sources */ = {isa = PBXBuildFile; fileRef = 65EE305D21A0035F0011B2B8 /* JudgeTableViewCell.swift */; };
		65EE306021A003A10011B2B8 /* JudgeDetailViewController.swift in Sources */ = {isa = PBXBuildFile; fileRef = 65EE305F21A003A10011B2B8 /* JudgeDetailViewController.swift */; };
		65EE306321A112CE0011B2B8 /* MeetDayTableViewController.swift in Sources */ = {isa = PBXBuildFile; fileRef = 65EE306221A112CE0011B2B8 /* MeetDayTableViewController.swift */; };
		65EE306721A1148B0011B2B8 /* MeetDayDetailViewController.swift in Sources */ = {isa = PBXBuildFile; fileRef = 65EE306621A1148B0011B2B8 /* MeetDayDetailViewController.swift */; };
/* End PBXBuildFile section */

/* Begin PBXContainerItemProxy section */
		65DBC979217D5B320029C6AA /* PBXContainerItemProxy */ = {
			isa = PBXContainerItemProxy;
			containerPortal = 65DBC95C217D5B320029C6AA /* Project object */;
			proxyType = 1;
			remoteGlobalIDString = 65DBC963217D5B320029C6AA;
			remoteInfo = NawgjExpenceTracker;
		};
/* End PBXContainerItemProxy section */

/* Begin PBXFileReference section */
		650BC473237D078400A6951E /* JudgePDFViewController.swift */ = {isa = PBXFileReference; lastKnownFileType = sourcecode.swift; path = JudgePDFViewController.swift; sourceTree = "<group>"; };
		650F7B8421D94C7800D5A632 /* MeetPDFCreator.swift */ = {isa = PBXFileReference; lastKnownFileType = sourcecode.swift; path = MeetPDFCreator.swift; sourceTree = "<group>"; };
		652236EB21DF19BF0024F1E6 /* JudgeSummaryTableViewDelegate.swift */ = {isa = PBXFileReference; lastKnownFileType = sourcecode.swift; path = JudgeSummaryTableViewDelegate.swift; sourceTree = "<group>"; };
		652236F121E464600024F1E6 /* MeetSummaryTableViewDelegate.swift */ = {isa = PBXFileReference; lastKnownFileType = sourcecode.swift; path = MeetSummaryTableViewDelegate.swift; sourceTree = "<group>"; };
		652236F521E70AA60024F1E6 /* meetreport.html */ = {isa = PBXFileReference; lastKnownFileType = text.html; path = meetreport.html; sourceTree = "<group>"; };
		652236F721EFDD4C0024F1E6 /* PDFViewController.swift */ = {isa = PBXFileReference; lastKnownFileType = sourcecode.swift; path = PDFViewController.swift; sourceTree = "<group>"; };
		652236F921EFED230024F1E6 /* MeetUIPrintPageRender.swift */ = {isa = PBXFileReference; lastKnownFileType = sourcecode.swift; path = MeetUIPrintPageRender.swift; sourceTree = "<group>"; };
		652236FC21F029950024F1E6 /* MeetListManager.swift */ = {isa = PBXFileReference; lastKnownFileType = sourcecode.swift; path = MeetListManager.swift; sourceTree = "<group>"; };
		655150D72372804A00BED00A /* AddJudgesToMeetViewController.swift */ = {isa = PBXFileReference; lastKnownFileType = sourcecode.swift; path = AddJudgesToMeetViewController.swift; sourceTree = "<group>"; };
		655150D923729ADA00BED00A /* CreateJudgeViewController.swift */ = {isa = PBXFileReference; lastKnownFileType = sourcecode.swift; path = CreateJudgeViewController.swift; sourceTree = "<group>"; };
		656EA4C521F686CC00DE4029 /* JudgeListManager.swift */ = {isa = PBXFileReference; lastKnownFileType = sourcecode.swift; path = JudgeListManager.swift; sourceTree = "<group>"; };
		656EA4C721F68A1200DE4029 /* JudgeInfo.swift */ = {isa = PBXFileReference; lastKnownFileType = sourcecode.swift; path = JudgeInfo.swift; sourceTree = "<group>"; };
		656EA4CA21F693AE00DE4029 /* JudgeListTableViewController.swift */ = {isa = PBXFileReference; lastKnownFileType = sourcecode.swift; path = JudgeListTableViewController.swift; sourceTree = "<group>"; };
		656EA4CC21F92A5400DE4029 /* JudgeInfoDetailsTableViewController.swift */ = {isa = PBXFileReference; lastKnownFileType = sourcecode.swift; path = JudgeInfoDetailsTableViewController.swift; sourceTree = "<group>"; };
		65830E3F237D2C5F00C15BE5 /* JudgeUIPrintPageRenderer.swift */ = {isa = PBXFileReference; lastKnownFileType = sourcecode.swift; path = JudgeUIPrintPageRenderer.swift; sourceTree = "<group>"; };
		65A02950220FDBE90088681D /* JudgePDFCreator.swift */ = {isa = PBXFileReference; lastKnownFileType = sourcecode.swift; path = JudgePDFCreator.swift; sourceTree = "<group>"; };
		65A02952220FDC1C0088681D /* PDFCreator.swift */ = {isa = PBXFileReference; lastKnownFileType = sourcecode.swift; path = PDFCreator.swift; sourceTree = "<group>"; };
		65C05B0D21CBFFD9000AA13E /* MeetTableViewCell.swift */ = {isa = PBXFileReference; lastKnownFileType = sourcecode.swift; path = MeetTableViewCell.swift; sourceTree = "<group>"; };
		65C386C921B5AE350070D76B /* Images.xcassets */ = {isa = PBXFileReference; lastKnownFileType = folder.assetcatalog; name = Images.xcassets; path = NawgjExpenseTracker/Images.xcassets; sourceTree = SOURCE_ROOT; };
		65C386CB21BB77F70070D76B /* Fee.swift */ = {isa = PBXFileReference; lastKnownFileType = sourcecode.swift; path = Fee.swift; sourceTree = "<group>"; };
		65DBC964217D5B320029C6AA /* Expenses.app */ = {isa = PBXFileReference; explicitFileType = wrapper.application; includeInIndex = 0; path = Expenses.app; sourceTree = BUILT_PRODUCTS_DIR; };
		65DBC967217D5B320029C6AA /* AppDelegate.swift */ = {isa = PBXFileReference; lastKnownFileType = sourcecode.swift; path = AppDelegate.swift; sourceTree = "<group>"; };
		65DBC969217D5B320029C6AA /* MeetDetailViewController.swift */ = {isa = PBXFileReference; lastKnownFileType = sourcecode.swift; path = MeetDetailViewController.swift; sourceTree = "<group>"; };
		65DBC96C217D5B320029C6AA /* Base */ = {isa = PBXFileReference; lastKnownFileType = file.storyboard; name = Base; path = Base.lproj/Main.storyboard; sourceTree = "<group>"; };
		65DBC971217D5B320029C6AA /* Base */ = {isa = PBXFileReference; lastKnownFileType = file.storyboard; name = Base; path = Base.lproj/LaunchScreen.storyboard; sourceTree = "<group>"; };
		65DBC973217D5B320029C6AA /* Info.plist */ = {isa = PBXFileReference; lastKnownFileType = text.plist.xml; path = Info.plist; sourceTree = "<group>"; };
		65DBC978217D5B320029C6AA /* NawgjExpenseTrackerTests.xctest */ = {isa = PBXFileReference; explicitFileType = wrapper.cfbundle; includeInIndex = 0; path = NawgjExpenseTrackerTests.xctest; sourceTree = BUILT_PRODUCTS_DIR; };
		65DBC987217EBB7F0029C6AA /* Meet.swift */ = {isa = PBXFileReference; fileEncoding = 4; lastKnownFileType = sourcecode.swift; path = Meet.swift; sourceTree = "<group>"; };
		65DBC98B217EC5D40029C6AA /* MeetTableViewController.swift */ = {isa = PBXFileReference; fileEncoding = 4; lastKnownFileType = sourcecode.swift; path = MeetTableViewController.swift; sourceTree = "<group>"; };
		65DBC99E219347F20029C6AA /* MeetDay.swift */ = {isa = PBXFileReference; fileEncoding = 4; lastKnownFileType = sourcecode.swift; path = MeetDay.swift; sourceTree = "<group>"; };
		65DBC9A42193A1820029C6AA /* Judge.swift */ = {isa = PBXFileReference; fileEncoding = 4; lastKnownFileType = sourcecode.swift; path = Judge.swift; sourceTree = "<group>"; };
		65DBC9A62193A1BB0029C6AA /* Expense.swift */ = {isa = PBXFileReference; fileEncoding = 4; lastKnownFileType = sourcecode.swift; path = Expense.swift; sourceTree = "<group>"; };
		65DDA60F21BDB9D2004B4DD2 /* FeeTableViewController.swift */ = {isa = PBXFileReference; lastKnownFileType = sourcecode.swift; path = FeeTableViewController.swift; sourceTree = "<group>"; };
		65DDA61121BDBA0B004B4DD2 /* FeeDetailsViewController.swift */ = {isa = PBXFileReference; lastKnownFileType = sourcecode.swift; path = FeeDetailsViewController.swift; sourceTree = "<group>"; };
		65DDA61421BDBA28004B4DD2 /* ExpensesTableViewController.swift */ = {isa = PBXFileReference; lastKnownFileType = sourcecode.swift; path = ExpensesTableViewController.swift; sourceTree = "<group>"; };
		65DDA61621BDBA4F004B4DD2 /* ExpenseDetailsViewController.swift */ = {isa = PBXFileReference; lastKnownFileType = sourcecode.swift; path = ExpenseDetailsViewController.swift; sourceTree = "<group>"; };
		65EE3059219FDDF90011B2B8 /* JudgeTableViewController.swift */ = {isa = PBXFileReference; fileEncoding = 4; lastKnownFileType = sourcecode.swift; path = JudgeTableViewController.swift; sourceTree = "<group>"; };
		65EE305D21A0035F0011B2B8 /* JudgeTableViewCell.swift */ = {isa = PBXFileReference; fileEncoding = 4; lastKnownFileType = sourcecode.swift; path = JudgeTableViewCell.swift; sourceTree = "<group>"; };
		65EE305F21A003A10011B2B8 /* JudgeDetailViewController.swift */ = {isa = PBXFileReference; fileEncoding = 4; lastKnownFileType = sourcecode.swift; path = JudgeDetailViewController.swift; sourceTree = "<group>"; };
		65EE306221A112CE0011B2B8 /* MeetDayTableViewController.swift */ = {isa = PBXFileReference; fileEncoding = 4; lastKnownFileType = sourcecode.swift; path = MeetDayTableViewController.swift; sourceTree = "<group>"; };
		65EE306621A1148B0011B2B8 /* MeetDayDetailViewController.swift */ = {isa = PBXFileReference; fileEncoding = 4; lastKnownFileType = sourcecode.swift; path = MeetDayDetailViewController.swift; sourceTree = "<group>"; };
/* End PBXFileReference section */

/* Begin PBXFrameworksBuildPhase section */
		65DBC961217D5B320029C6AA /* Frameworks */ = {
			isa = PBXFrameworksBuildPhase;
			buildActionMask = 2147483647;
			files = (
			);
			runOnlyForDeploymentPostprocessing = 0;
		};
		65DBC975217D5B320029C6AA /* Frameworks */ = {
			isa = PBXFrameworksBuildPhase;
			buildActionMask = 2147483647;
			files = (
			);
			runOnlyForDeploymentPostprocessing = 0;
		};
/* End PBXFrameworksBuildPhase section */

/* Begin PBXGroup section */
		650F7B8321D94C4C00D5A632 /* PDFConversion */ = {
			isa = PBXGroup;
			children = (
				650F7B8421D94C7800D5A632 /* MeetPDFCreator.swift */,
				652236F721EFDD4C0024F1E6 /* PDFViewController.swift */,
				652236F921EFED230024F1E6 /* MeetUIPrintPageRender.swift */,
				65A02950220FDBE90088681D /* JudgePDFCreator.swift */,
				65A02952220FDC1C0088681D /* PDFCreator.swift */,
				650BC473237D078400A6951E /* JudgePDFViewController.swift */,
				65830E3F237D2C5F00C15BE5 /* JudgeUIPrintPageRenderer.swift */,
			);
			path = PDFConversion;
			sourceTree = "<group>";
		};
		652236FB21F029620024F1E6 /* Persistence */ = {
			isa = PBXGroup;
			children = (
				652236FC21F029950024F1E6 /* MeetListManager.swift */,
				656EA4C521F686CC00DE4029 /* JudgeListManager.swift */,
			);
			name = Persistence;
			sourceTree = "<group>";
		};
		656EA4C921F6938E00DE4029 /* JudgeList */ = {
			isa = PBXGroup;
			children = (
				656EA4CA21F693AE00DE4029 /* JudgeListTableViewController.swift */,
				656EA4CC21F92A5400DE4029 /* JudgeInfoDetailsTableViewController.swift */,
			);
			path = JudgeList;
			sourceTree = "<group>";
		};
		65DBC95B217D5B320029C6AA = {
			isa = PBXGroup;
			children = (
				652236F521E70AA60024F1E6 /* meetreport.html */,
				65DBC966217D5B320029C6AA /* NawgjExpenseTracker */,
				65DBC965217D5B320029C6AA /* Products */,
			);
			sourceTree = "<group>";
		};
		65DBC965217D5B320029C6AA /* Products */ = {
			isa = PBXGroup;
			children = (
				65DBC964217D5B320029C6AA /* Expenses.app */,
				65DBC978217D5B320029C6AA /* NawgjExpenseTrackerTests.xctest */,
			);
			name = Products;
			sourceTree = "<group>";
		};
		65DBC966217D5B320029C6AA /* NawgjExpenseTracker */ = {
			isa = PBXGroup;
			children = (
				656EA4C921F6938E00DE4029 /* JudgeList */,
				652236FB21F029620024F1E6 /* Persistence */,
				650F7B8321D94C4C00D5A632 /* PDFConversion */,
				65DDA61321BDBA11004B4DD2 /* Expenses */,
				65DDA60E21BDB99E004B4DD2 /* Fees */,
				65DBC99D218D7A450029C6AA /* DataTypes */,
				65DBC967217D5B320029C6AA /* AppDelegate.swift */,
				65DBC96B217D5B320029C6AA /* Main.storyboard */,
				65DBC970217D5B320029C6AA /* LaunchScreen.storyboard */,
				65DBC973217D5B320029C6AA /* Info.plist */,
				65EE305B219FE01D0011B2B8 /* Meet */,
				65EE306121A0C1900011B2B8 /* MeetDay */,
				65EE305C219FE02A0011B2B8 /* Judge */,
				65C386C921B5AE350070D76B /* Images.xcassets */,
			);
			path = NawgjExpenseTracker;
			sourceTree = "<group>";
		};
		65DBC99D218D7A450029C6AA /* DataTypes */ = {
			isa = PBXGroup;
			children = (
				65DBC987217EBB7F0029C6AA /* Meet.swift */,
				65DBC99E219347F20029C6AA /* MeetDay.swift */,
				65DBC9A42193A1820029C6AA /* Judge.swift */,
				65DBC9A62193A1BB0029C6AA /* Expense.swift */,
				65C386CB21BB77F70070D76B /* Fee.swift */,
				656EA4C721F68A1200DE4029 /* JudgeInfo.swift */,
			);
			name = DataTypes;
			sourceTree = "<group>";
		};
		65DDA60E21BDB99E004B4DD2 /* Fees */ = {
			isa = PBXGroup;
			children = (
				65DDA60F21BDB9D2004B4DD2 /* FeeTableViewController.swift */,
				65DDA61121BDBA0B004B4DD2 /* FeeDetailsViewController.swift */,
			);
			path = Fees;
			sourceTree = "<group>";
		};
		65DDA61321BDBA11004B4DD2 /* Expenses */ = {
			isa = PBXGroup;
			children = (
				65DDA61421BDBA28004B4DD2 /* ExpensesTableViewController.swift */,
				65DDA61621BDBA4F004B4DD2 /* ExpenseDetailsViewController.swift */,
			);
			path = Expenses;
			sourceTree = "<group>";
		};
		65EE305B219FE01D0011B2B8 /* Meet */ = {
			isa = PBXGroup;
			children = (
				65DBC98B217EC5D40029C6AA /* MeetTableViewController.swift */,
				65DBC969217D5B320029C6AA /* MeetDetailViewController.swift */,
				65C05B0D21CBFFD9000AA13E /* MeetTableViewCell.swift */,
				652236F121E464600024F1E6 /* MeetSummaryTableViewDelegate.swift */,
			);
			name = Meet;
			sourceTree = "<group>";
		};
		65EE305C219FE02A0011B2B8 /* Judge */ = {
			isa = PBXGroup;
			children = (
				655150D72372804A00BED00A /* AddJudgesToMeetViewController.swift */,
				65EE3059219FDDF90011B2B8 /* JudgeTableViewController.swift */,
				65EE305D21A0035F0011B2B8 /* JudgeTableViewCell.swift */,
				65EE305F21A003A10011B2B8 /* JudgeDetailViewController.swift */,
				652236EB21DF19BF0024F1E6 /* JudgeSummaryTableViewDelegate.swift */,
				655150D923729ADA00BED00A /* CreateJudgeViewController.swift */,
			);
			name = Judge;
			sourceTree = "<group>";
		};
		65EE306121A0C1900011B2B8 /* MeetDay */ = {
			isa = PBXGroup;
			children = (
				65EE306221A112CE0011B2B8 /* MeetDayTableViewController.swift */,
				65EE306621A1148B0011B2B8 /* MeetDayDetailViewController.swift */,
			);
			name = MeetDay;
			sourceTree = "<group>";
		};
/* End PBXGroup section */

/* Begin PBXNativeTarget section */
		65DBC963217D5B320029C6AA /* NawgjExpenseTracker */ = {
			isa = PBXNativeTarget;
			buildConfigurationList = 65DBC981217D5B320029C6AA /* Build configuration list for PBXNativeTarget "NawgjExpenseTracker" */;
			buildPhases = (
				65DBC960217D5B320029C6AA /* Sources */,
				65DBC961217D5B320029C6AA /* Frameworks */,
				65DBC962217D5B320029C6AA /* Resources */,
			);
			buildRules = (
			);
			dependencies = (
			);
			name = NawgjExpenseTracker;
			productName = NawgjExpenceTracker;
			productReference = 65DBC964217D5B320029C6AA /* Expenses.app */;
			productType = "com.apple.product-type.application";
		};
		65DBC977217D5B320029C6AA /* NawgjExpenseTrackerTests */ = {
			isa = PBXNativeTarget;
			buildConfigurationList = 65DBC984217D5B320029C6AA /* Build configuration list for PBXNativeTarget "NawgjExpenseTrackerTests" */;
			buildPhases = (
				65DBC974217D5B320029C6AA /* Sources */,
				65DBC975217D5B320029C6AA /* Frameworks */,
				65DBC976217D5B320029C6AA /* Resources */,
			);
			buildRules = (
			);
			dependencies = (
				65DBC97A217D5B320029C6AA /* PBXTargetDependency */,
			);
			name = NawgjExpenseTrackerTests;
			productName = NawgjExpenceTrackerTests;
			productReference = 65DBC978217D5B320029C6AA /* NawgjExpenseTrackerTests.xctest */;
			productType = "com.apple.product-type.bundle.unit-test";
		};
/* End PBXNativeTarget section */

/* Begin PBXProject section */
		65DBC95C217D5B320029C6AA /* Project object */ = {
			isa = PBXProject;
			attributes = {
				LastSwiftUpdateCheck = 0820;
				LastUpgradeCheck = 1320;
				ORGANIZATIONNAME = "Derek Walsh";
				TargetAttributes = {
					65DBC963217D5B320029C6AA = {
						CreatedOnToolsVersion = 8.2.1;
						DevelopmentTeam = 788FSZBKWN;
						LastSwiftMigration = 1110;
						ProvisioningStyle = Automatic;
					};
					65DBC977217D5B320029C6AA = {
						CreatedOnToolsVersion = 8.2.1;
						DevelopmentTeam = 788FSZBKWN;
						LastSwiftMigration = 1010;
						ProvisioningStyle = Automatic;
						TestTargetID = 65DBC963217D5B320029C6AA;
					};
				};
			};
			buildConfigurationList = 65DBC95F217D5B320029C6AA /* Build configuration list for PBXProject "NawgjExpenseTracker" */;
			compatibilityVersion = "Xcode 10.0";
			developmentRegion = en;
			hasScannedForEncodings = 0;
			knownRegions = (
				en,
				Base,
			);
			mainGroup = 65DBC95B217D5B320029C6AA;
			productRefGroup = 65DBC965217D5B320029C6AA /* Products */;
			projectDirPath = "";
			projectRoot = "";
			targets = (
				65DBC963217D5B320029C6AA /* NawgjExpenseTracker */,
				65DBC977217D5B320029C6AA /* NawgjExpenseTrackerTests */,
			);
		};
/* End PBXProject section */

/* Begin PBXResourcesBuildPhase section */
		65DBC962217D5B320029C6AA /* Resources */ = {
			isa = PBXResourcesBuildPhase;
			buildActionMask = 2147483647;
			files = (
				65C386CA21B5AE350070D76B /* Images.xcassets in Resources */,
				652236F621E70AA60024F1E6 /* meetreport.html in Resources */,
				65DBC972217D5B320029C6AA /* LaunchScreen.storyboard in Resources */,
				65DBC96D217D5B320029C6AA /* Main.storyboard in Resources */,
			);
			runOnlyForDeploymentPostprocessing = 0;
		};
		65DBC976217D5B320029C6AA /* Resources */ = {
			isa = PBXResourcesBuildPhase;
			buildActionMask = 2147483647;
			files = (
			);
			runOnlyForDeploymentPostprocessing = 0;
		};
/* End PBXResourcesBuildPhase section */

/* Begin PBXSourcesBuildPhase section */
		65DBC960217D5B320029C6AA /* Sources */ = {
			isa = PBXSourcesBuildPhase;
			buildActionMask = 2147483647;
			files = (
				652236F821EFDD4C0024F1E6 /* PDFViewController.swift in Sources */,
				65DBC9A72193A1BB0029C6AA /* Expense.swift in Sources */,
				65EE305A219FDDF90011B2B8 /* JudgeTableViewController.swift in Sources */,
				65EE306721A1148B0011B2B8 /* MeetDayDetailViewController.swift in Sources */,
				655150DA23729ADA00BED00A /* CreateJudgeViewController.swift in Sources */,
				65DBC98C217EC5D40029C6AA /* MeetTableViewController.swift in Sources */,
				65DBC99F219347F20029C6AA /* MeetDay.swift in Sources */,
				652236FD21F029950024F1E6 /* MeetListManager.swift in Sources */,
				650BC474237D078400A6951E /* JudgePDFViewController.swift in Sources */,
				65DBC988217EBB7F0029C6AA /* Meet.swift in Sources */,
				65EE306321A112CE0011B2B8 /* MeetDayTableViewController.swift in Sources */,
				65DDA61721BDBA4F004B4DD2 /* ExpenseDetailsViewController.swift in Sources */,
				652236FA21EFED230024F1E6 /* MeetUIPrintPageRender.swift in Sources */,
				656EA4CB21F693AE00DE4029 /* JudgeListTableViewController.swift in Sources */,
				656EA4C621F686CC00DE4029 /* JudgeListManager.swift in Sources */,
				65A02951220FDBE90088681D /* JudgePDFCreator.swift in Sources */,
				652236F221E464600024F1E6 /* MeetSummaryTableViewDelegate.swift in Sources */,
				65830E40237D2C5F00C15BE5 /* JudgeUIPrintPageRenderer.swift in Sources */,
				65C386CC21BB77F70070D76B /* Fee.swift in Sources */,
				65DBC96A217D5B320029C6AA /* MeetDetailViewController.swift in Sources */,
				65A02953220FDC1C0088681D /* PDFCreator.swift in Sources */,
				652236EC21DF19BF0024F1E6 /* JudgeSummaryTableViewDelegate.swift in Sources */,
				656EA4CD21F92A5400DE4029 /* JudgeInfoDetailsTableViewController.swift in Sources */,
				65DDA61021BDB9D2004B4DD2 /* FeeTableViewController.swift in Sources */,
				65DBC9A52193A1820029C6AA /* Judge.swift in Sources */,
				65DBC968217D5B320029C6AA /* AppDelegate.swift in Sources */,
				65DDA61521BDBA28004B4DD2 /* ExpensesTableViewController.swift in Sources */,
				650F7B8521D94C7800D5A632 /* MeetPDFCreator.swift in Sources */,
				65C05B0E21CBFFD9000AA13E /* MeetTableViewCell.swift in Sources */,
				65EE305E21A0035F0011B2B8 /* JudgeTableViewCell.swift in Sources */,
				65DDA61221BDBA0B004B4DD2 /* FeeDetailsViewController.swift in Sources */,
				655150D82372804A00BED00A /* AddJudgesToMeetViewController.swift in Sources */,
				656EA4C821F68A1200DE4029 /* JudgeInfo.swift in Sources */,
				65EE306021A003A10011B2B8 /* JudgeDetailViewController.swift in Sources */,
			);
			runOnlyForDeploymentPostprocessing = 0;
		};
		65DBC974217D5B320029C6AA /* Sources */ = {
			isa = PBXSourcesBuildPhase;
			buildActionMask = 2147483647;
			files = (
			);
			runOnlyForDeploymentPostprocessing = 0;
		};
/* End PBXSourcesBuildPhase section */

/* Begin PBXTargetDependency section */
		65DBC97A217D5B320029C6AA /* PBXTargetDependency */ = {
			isa = PBXTargetDependency;
			target = 65DBC963217D5B320029C6AA /* NawgjExpenseTracker */;
			targetProxy = 65DBC979217D5B320029C6AA /* PBXContainerItemProxy */;
		};
/* End PBXTargetDependency section */

/* Begin PBXVariantGroup section */
		65DBC96B217D5B320029C6AA /* Main.storyboard */ = {
			isa = PBXVariantGroup;
			children = (
				65DBC96C217D5B320029C6AA /* Base */,
			);
			name = Main.storyboard;
			sourceTree = "<group>";
		};
		65DBC970217D5B320029C6AA /* LaunchScreen.storyboard */ = {
			isa = PBXVariantGroup;
			children = (
				65DBC971217D5B320029C6AA /* Base */,
			);
			name = LaunchScreen.storyboard;
			sourceTree = "<group>";
		};
/* End PBXVariantGroup section */

/* Begin XCBuildConfiguration section */
		65DBC97F217D5B320029C6AA /* Debug */ = {
			isa = XCBuildConfiguration;
			buildSettings = {
				ALWAYS_SEARCH_USER_PATHS = NO;
				CLANG_ANALYZER_NONNULL = YES;
				CLANG_CXX_LANGUAGE_STANDARD = "gnu++0x";
				CLANG_CXX_LIBRARY = "libc++";
				CLANG_ENABLE_MODULES = YES;
				CLANG_ENABLE_OBJC_ARC = YES;
				CLANG_WARN_BLOCK_CAPTURE_AUTORELEASING = YES;
				CLANG_WARN_BOOL_CONVERSION = YES;
				CLANG_WARN_COMMA = YES;
				CLANG_WARN_CONSTANT_CONVERSION = YES;
				CLANG_WARN_DEPRECATED_OBJC_IMPLEMENTATIONS = YES;
				CLANG_WARN_DIRECT_OBJC_ISA_USAGE = YES_ERROR;
				CLANG_WARN_DOCUMENTATION_COMMENTS = YES;
				CLANG_WARN_EMPTY_BODY = YES;
				CLANG_WARN_ENUM_CONVERSION = YES;
				CLANG_WARN_INFINITE_RECURSION = YES;
				CLANG_WARN_INT_CONVERSION = YES;
				CLANG_WARN_NON_LITERAL_NULL_CONVERSION = YES;
				CLANG_WARN_OBJC_IMPLICIT_RETAIN_SELF = YES;
				CLANG_WARN_OBJC_LITERAL_CONVERSION = YES;
				CLANG_WARN_OBJC_ROOT_CLASS = YES_ERROR;
				CLANG_WARN_QUOTED_INCLUDE_IN_FRAMEWORK_HEADER = YES;
				CLANG_WARN_RANGE_LOOP_ANALYSIS = YES;
				CLANG_WARN_STRICT_PROTOTYPES = YES;
				CLANG_WARN_SUSPICIOUS_MOVE = YES;
				CLANG_WARN_UNREACHABLE_CODE = YES;
				CLANG_WARN__DUPLICATE_METHOD_MATCH = YES;
				"CODE_SIGN_IDENTITY[sdk=iphoneos*]" = "iPhone Developer";
				COPY_PHASE_STRIP = NO;
				DEBUG_INFORMATION_FORMAT = dwarf;
				ENABLE_STRICT_OBJC_MSGSEND = YES;
				ENABLE_TESTABILITY = YES;
				GCC_C_LANGUAGE_STANDARD = gnu99;
				GCC_DYNAMIC_NO_PIC = NO;
				GCC_NO_COMMON_BLOCKS = YES;
				GCC_OPTIMIZATION_LEVEL = 0;
				GCC_PREPROCESSOR_DEFINITIONS = (
					"DEBUG=1",
					"$(inherited)",
				);
				GCC_WARN_64_TO_32_BIT_CONVERSION = YES;
				GCC_WARN_ABOUT_RETURN_TYPE = YES_ERROR;
				GCC_WARN_UNDECLARED_SELECTOR = YES;
				GCC_WARN_UNINITIALIZED_AUTOS = YES_AGGRESSIVE;
				GCC_WARN_UNUSED_FUNCTION = YES;
				GCC_WARN_UNUSED_VARIABLE = YES;
				IPHONEOS_DEPLOYMENT_TARGET = 12.1;
				MTL_ENABLE_DEBUG_INFO = YES;
				ONLY_ACTIVE_ARCH = YES;
				PRODUCT_NAME = Expenses;
				SDKROOT = iphoneos;
				SWIFT_ACTIVE_COMPILATION_CONDITIONS = DEBUG;
				SWIFT_OPTIMIZATION_LEVEL = "-Onone";
				TARGETED_DEVICE_FAMILY = "1,2";
			};
			name = Debug;
		};
		65DBC980217D5B320029C6AA /* Release */ = {
			isa = XCBuildConfiguration;
			buildSettings = {
				ALWAYS_SEARCH_USER_PATHS = NO;
				CLANG_ANALYZER_NONNULL = YES;
				CLANG_CXX_LANGUAGE_STANDARD = "gnu++0x";
				CLANG_CXX_LIBRARY = "libc++";
				CLANG_ENABLE_MODULES = YES;
				CLANG_ENABLE_OBJC_ARC = YES;
				CLANG_WARN_BLOCK_CAPTURE_AUTORELEASING = YES;
				CLANG_WARN_BOOL_CONVERSION = YES;
				CLANG_WARN_COMMA = YES;
				CLANG_WARN_CONSTANT_CONVERSION = YES;
				CLANG_WARN_DEPRECATED_OBJC_IMPLEMENTATIONS = YES;
				CLANG_WARN_DIRECT_OBJC_ISA_USAGE = YES_ERROR;
				CLANG_WARN_DOCUMENTATION_COMMENTS = YES;
				CLANG_WARN_EMPTY_BODY = YES;
				CLANG_WARN_ENUM_CONVERSION = YES;
				CLANG_WARN_INFINITE_RECURSION = YES;
				CLANG_WARN_INT_CONVERSION = YES;
				CLANG_WARN_NON_LITERAL_NULL_CONVERSION = YES;
				CLANG_WARN_OBJC_IMPLICIT_RETAIN_SELF = YES;
				CLANG_WARN_OBJC_LITERAL_CONVERSION = YES;
				CLANG_WARN_OBJC_ROOT_CLASS = YES_ERROR;
				CLANG_WARN_QUOTED_INCLUDE_IN_FRAMEWORK_HEADER = YES;
				CLANG_WARN_RANGE_LOOP_ANALYSIS = YES;
				CLANG_WARN_STRICT_PROTOTYPES = YES;
				CLANG_WARN_SUSPICIOUS_MOVE = YES;
				CLANG_WARN_UNREACHABLE_CODE = YES;
				CLANG_WARN__DUPLICATE_METHOD_MATCH = YES;
				"CODE_SIGN_IDENTITY[sdk=iphoneos*]" = "iPhone Developer";
				COPY_PHASE_STRIP = NO;
				DEBUG_INFORMATION_FORMAT = "dwarf-with-dsym";
				ENABLE_NS_ASSERTIONS = NO;
				ENABLE_STRICT_OBJC_MSGSEND = YES;
				GCC_C_LANGUAGE_STANDARD = gnu99;
				GCC_NO_COMMON_BLOCKS = YES;
				GCC_WARN_64_TO_32_BIT_CONVERSION = YES;
				GCC_WARN_ABOUT_RETURN_TYPE = YES_ERROR;
				GCC_WARN_UNDECLARED_SELECTOR = YES;
				GCC_WARN_UNINITIALIZED_AUTOS = YES_AGGRESSIVE;
				GCC_WARN_UNUSED_FUNCTION = YES;
				GCC_WARN_UNUSED_VARIABLE = YES;
				IPHONEOS_DEPLOYMENT_TARGET = 12.1;
				MTL_ENABLE_DEBUG_INFO = NO;
				PRODUCT_NAME = Expenses;
				SDKROOT = iphoneos;
				SWIFT_COMPILATION_MODE = wholemodule;
				SWIFT_OPTIMIZATION_LEVEL = "-O";
				TARGETED_DEVICE_FAMILY = "1,2";
				VALIDATE_PRODUCT = YES;
			};
			name = Release;
		};
		65DBC982217D5B320029C6AA /* Debug */ = {
			isa = XCBuildConfiguration;
			buildSettings = {
				ASSETCATALOG_COMPILER_APPICON_NAME = AppIcon;
				ASSETCATALOG_COMPILER_LAUNCHIMAGE_NAME = LaunchImage;
				DEVELOPMENT_TEAM = 788FSZBKWN;
				INFOPLIST_FILE = NawgjExpenseTracker/Info.plist;
				IPHONEOS_DEPLOYMENT_TARGET = 13.0;
				LD_RUNPATH_SEARCH_PATHS = (
					"$(inherited)",
					"@executable_path/Frameworks",
				);
				PRODUCT_BUNDLE_IDENTIFIER = com.walshsoftware.NawgjExpenseTracker;
				PRODUCT_NAME = Expenses;
				SWIFT_SWIFT3_OBJC_INFERENCE = Default;
				SWIFT_VERSION = 5.0;
			};
			name = Debug;
		};
		65DBC983217D5B320029C6AA /* Release */ = {
			isa = XCBuildConfiguration;
			buildSettings = {
				ASSETCATALOG_COMPILER_APPICON_NAME = AppIcon;
				ASSETCATALOG_COMPILER_LAUNCHIMAGE_NAME = LaunchImage;
				DEVELOPMENT_TEAM = 788FSZBKWN;
				INFOPLIST_FILE = NawgjExpenseTracker/Info.plist;
				IPHONEOS_DEPLOYMENT_TARGET = 13.0;
				LD_RUNPATH_SEARCH_PATHS = (
					"$(inherited)",
					"@executable_path/Frameworks",
				);
				PRODUCT_BUNDLE_IDENTIFIER = com.walshsoftware.NawgjExpenseTracker;
				PRODUCT_NAME = Expenses;
				SWIFT_SWIFT3_OBJC_INFERENCE = Default;
				SWIFT_VERSION = 5.0;
			};
			name = Release;
		};
		65DBC985217D5B320029C6AA /* Debug */ = {
			isa = XCBuildConfiguration;
			buildSettings = {
				ALWAYS_EMBED_SWIFT_STANDARD_LIBRARIES = YES;
				BUNDLE_LOADER = "$(TEST_HOST)";
				DEVELOPMENT_TEAM = 788FSZBKWN;
				INFOPLIST_FILE = NawgjExpenseTrackerTests/Info.plist;
				LD_RUNPATH_SEARCH_PATHS = (
					"$(inherited)",
					"@executable_path/Frameworks",
					"@loader_path/Frameworks",
				);
				PRODUCT_BUNDLE_IDENTIFIER = com.walshsoftware.NawgjExpenseTrackerTests;
				PRODUCT_NAME = "$(TARGET_NAME)";
				SWIFT_SWIFT3_OBJC_INFERENCE = Default;
				SWIFT_VERSION = 4.2;
				TEST_HOST = "$(BUILT_PRODUCTS_DIR)/NawgjExpenseTracker.app/NawgjExpenseTracker";
			};
			name = Debug;
		};
		65DBC986217D5B320029C6AA /* Release */ = {
			isa = XCBuildConfiguration;
			buildSettings = {
				ALWAYS_EMBED_SWIFT_STANDARD_LIBRARIES = YES;
				BUNDLE_LOADER = "$(TEST_HOST)";
				DEVELOPMENT_TEAM = 788FSZBKWN;
				INFOPLIST_FILE = NawgjExpenseTrackerTests/Info.plist;
				LD_RUNPATH_SEARCH_PATHS = (
					"$(inherited)",
					"@executable_path/Frameworks",
					"@loader_path/Frameworks",
				);
				PRODUCT_BUNDLE_IDENTIFIER = com.walshsoftware.NawgjExpenseTrackerTests;
				PRODUCT_NAME = "$(TARGET_NAME)";
				SWIFT_SWIFT3_OBJC_INFERENCE = Default;
				SWIFT_VERSION = 4.2;
				TEST_HOST = "$(BUILT_PRODUCTS_DIR)/NawgjExpenseTracker.app/NawgjExpenseTracker";
			};
			name = Release;
		};
/* End XCBuildConfiguration section */

/* Begin XCConfigurationList section */
		65DBC95F217D5B320029C6AA /* Build configuration list for PBXProject "NawgjExpenseTracker" */ = {
			isa = XCConfigurationList;
			buildConfigurations = (
				65DBC97F217D5B320029C6AA /* Debug */,
				65DBC980217D5B320029C6AA /* Release */,
			);
			defaultConfigurationIsVisible = 0;
			defaultConfigurationName = Release;
		};
		65DBC981217D5B320029C6AA /* Build configuration list for PBXNativeTarget "NawgjExpenseTracker" */ = {
			isa = XCConfigurationList;
			buildConfigurations = (
				65DBC982217D5B320029C6AA /* Debug */,
				65DBC983217D5B320029C6AA /* Release */,
			);
			defaultConfigurationIsVisible = 0;
			defaultConfigurationName = Release;
		};
		65DBC984217D5B320029C6AA /* Build configuration list for PBXNativeTarget "NawgjExpenseTrackerTests" */ = {
			isa = XCConfigurationList;
			buildConfigurations = (
				65DBC985217D5B320029C6AA /* Debug */,
				65DBC986217D5B320029C6AA /* Release */,
			);
			defaultConfigurationIsVisible = 0;
			defaultConfigurationName = Release;
		};
/* End XCConfigurationList section */
	};
	rootObject = 65DBC95C217D5B320029C6AA /* Project object */;
}
